
Microsoft Visual Studio Solution File, Format Version 12.00
# Visual Studio Version 17
VisualStudioVersion = 17.7.34024.191
MinimumVisualStudioVersion = 10.0.40219.1
Project("{8BC9CEB8-8B4A-11D0-8D11-00A0C91BC942}") = "html validator", "html validator\html validator.vcxproj", "{294DF413-96DD-450F-AC68-440B2AA61852}"
EndProject
Global
	GlobalSection(SolutionConfigurationPlatforms) = preSolution
		Debug|x64 = Debug|x64
		Debug|x86 = Debug|x86
		Release|x64 = Release|x64
		Release|x86 = Release|x86
	EndGlobalSection
	GlobalSection(ProjectConfigurationPlatforms) = postSolution
		{294DF413-96DD-450F-AC68-440B2AA61852}.Debug|x64.ActiveCfg = Debug|x64
		{294DF413-96DD-450F-AC68-440B2AA61852}.Debug|x64.Build.0 = Debug|x64
		{294DF413-96DD-450F-AC68-440B2AA61852}.Debug|x86.ActiveCfg = Debug|Win32
		{294DF413-96DD-450F-AC68-440B2AA61852}.Debug|x86.Build.0 = Debug|Win32
		{294DF413-96DD-450F-AC68-440B2AA61852}.Release|x64.ActiveCfg = Release|x64
		{294DF413-96DD-450F-AC68-440B2AA61852}.Release|x64.Build.0 = Release|x64
		{294DF413-96DD-450F-AC68-440B2AA61852}.Release|x86.ActiveCfg = Release|Win32
		{294DF413-96DD-450F-AC68-440B2AA61852}.Release|x86.Build.0 = Release|Win32
	EndGlobalSection
	GlobalSection(SolutionProperties) = preSolution
		HideSolutionNode = FALSE
	EndGlobalSection
	GlobalSection(ExtensibilityGlobals) = postSolution
		SolutionGuid = {0E1B3781-5DDA-47BD-B846-FA0E25430134}
	EndGlobalSection
EndGlobal
